// !$*UTF8*$!
{
	archiveVersion = 1;
	classes = {
	};
	objectVersion = 56;
	objects = {

/* Begin PBXBuildFile section */
		16D28C1828F5878B00D2FA48 /* RealTimeDataBaseApp.swift in Sources */ = {isa = PBXBuildFile; fileRef = 16D28C1728F5878B00D2FA48 /* RealTimeDataBaseApp.swift */; };
		16D28C1A28F5878B00D2FA48 /* ContentView.swift in Sources */ = {isa = PBXBuildFile; fileRef = 16D28C1928F5878B00D2FA48 /* ContentView.swift */; };
		16D28C1C28F5878D00D2FA48 /* Assets.xcassets in Resources */ = {isa = PBXBuildFile; fileRef = 16D28C1B28F5878D00D2FA48 /* Assets.xcassets */; };
		16D28C1F28F5878D00D2FA48 /* Preview Assets.xcassets in Resources */ = {isa = PBXBuildFile; fileRef = 16D28C1E28F5878D00D2FA48 /* Preview Assets.xcassets */; };
		16D28C2828F587D400D2FA48 /* FirrebaseRealTimeDBViewModel.swift in Sources */ = {isa = PBXBuildFile; fileRef = 16D28C2728F587D400D2FA48 /* FirrebaseRealTimeDBViewModel.swift */; };
		16D28C2B28F5885100D2FA48 /* FirebaseAnalytics in Frameworks */ = {isa = PBXBuildFile; productRef = 16D28C2A28F5885100D2FA48 /* FirebaseAnalytics */; };
		16D28C2D28F5892500D2FA48 /* LandingPage.swift in Sources */ = {isa = PBXBuildFile; fileRef = 16D28C2C28F5892500D2FA48 /* LandingPage.swift */; };
		16D28C2F28F58B2300D2FA48 /* GoogleService-Info.plist in Resources */ = {isa = PBXBuildFile; fileRef = 16D28C2E28F58B2300D2FA48 /* GoogleService-Info.plist */; };
		16D28C3228F58C9000D2FA48 /* AppDelegate.swift in Sources */ = {isa = PBXBuildFile; fileRef = 16D28C3128F58C9000D2FA48 /* AppDelegate.swift */; };
		16D28C3928F58CD800D2FA48 /* FirebaseFirestore in Frameworks */ = {isa = PBXBuildFile; productRef = 16D28C3828F58CD800D2FA48 /* FirebaseFirestore */; };
		16D28C3B28F58CD800D2FA48 /* FirebaseFirestoreSwift in Frameworks */ = {isa = PBXBuildFile; productRef = 16D28C3A28F58CD800D2FA48 /* FirebaseFirestoreSwift */; };
		16D28C3E28F58E0300D2FA48 /* Restaurant.swift in Sources */ = {isa = PBXBuildFile; fileRef = 16D28C3D28F58E0300D2FA48 /* Restaurant.swift */; };
		16D28C4028F593AD00D2FA48 /* GetRestaurantView.swift in Sources */ = {isa = PBXBuildFile; fileRef = 16D28C3F28F593AD00D2FA48 /* GetRestaurantView.swift */; };
		16D28C4228F5A22300D2FA48 /* ObjectDemo.swift in Sources */ = {isa = PBXBuildFile; fileRef = 16D28C4128F5A22300D2FA48 /* ObjectDemo.swift */; };
		16D28C4428F5B1F600D2FA48 /* CreateRestaurantView.swift in Sources */ = {isa = PBXBuildFile; fileRef = 16D28C4328F5B1F600D2FA48 /* CreateRestaurantView.swift */; };
		16D28C4628F5D37F00D2FA48 /* DeleteRestaurantView.swift in Sources */ = {isa = PBXBuildFile; fileRef = 16D28C4528F5D37F00D2FA48 /* DeleteRestaurantView.swift */; };
		16D28C4828F5D68900D2FA48 /* UpdateRestaurantView.swift in Sources */ = {isa = PBXBuildFile; fileRef = 16D28C4728F5D68900D2FA48 /* UpdateRestaurantView.swift */; };
		16D28C4A28F5E24000D2FA48 /* FirebaseDatabase in Frameworks */ = {isa = PBXBuildFile; productRef = 16D28C4928F5E24000D2FA48 /* FirebaseDatabase */; };
		16D28C4C28F5E24000D2FA48 /* FirebaseDatabaseSwift in Frameworks */ = {isa = PBXBuildFile; productRef = 16D28C4B28F5E24000D2FA48 /* FirebaseDatabaseSwift */; };
/* End PBXBuildFile section */

/* Begin PBXFileReference section */
		16D28C1428F5878B00D2FA48 /* RealTimeDataBase.app */ = {isa = PBXFileReference; explicitFileType = wrapper.application; includeInIndex = 0; path = RealTimeDataBase.app; sourceTree = BUILT_PRODUCTS_DIR; };
		16D28C1728F5878B00D2FA48 /* RealTimeDataBaseApp.swift */ = {isa = PBXFileReference; lastKnownFileType = sourcecode.swift; path = RealTimeDataBaseApp.swift; sourceTree = "<group>"; };
		16D28C1928F5878B00D2FA48 /* ContentView.swift */ = {isa = PBXFileReference; lastKnownFileType = sourcecode.swift; path = ContentView.swift; sourceTree = "<group>"; };
		16D28C1B28F5878D00D2FA48 /* Assets.xcassets */ = {isa = PBXFileReference; lastKnownFileType = folder.assetcatalog; path = Assets.xcassets; sourceTree = "<group>"; };
		16D28C1E28F5878D00D2FA48 /* Preview Assets.xcassets */ = {isa = PBXFileReference; lastKnownFileType = folder.assetcatalog; path = "Preview Assets.xcassets"; sourceTree = "<group>"; };
		16D28C2728F587D400D2FA48 /* FirrebaseRealTimeDBViewModel.swift */ = {isa = PBXFileReference; lastKnownFileType = sourcecode.swift; path = FirrebaseRealTimeDBViewModel.swift; sourceTree = "<group>"; };
		16D28C2C28F5892500D2FA48 /* LandingPage.swift */ = {isa = PBXFileReference; lastKnownFileType = sourcecode.swift; path = LandingPage.swift; sourceTree = "<group>"; };
		16D28C2E28F58B2300D2FA48 /* GoogleService-Info.plist */ = {isa = PBXFileReference; fileEncoding = 4; lastKnownFileType = text.plist.xml; path = "GoogleService-Info.plist"; sourceTree = "<group>"; };
		16D28C3128F58C9000D2FA48 /* AppDelegate.swift */ = {isa = PBXFileReference; lastKnownFileType = sourcecode.swift; path = AppDelegate.swift; sourceTree = "<group>"; };
		16D28C3D28F58E0300D2FA48 /* Restaurant.swift */ = {isa = PBXFileReference; lastKnownFileType = sourcecode.swift; path = Restaurant.swift; sourceTree = "<group>"; };
		16D28C3F28F593AD00D2FA48 /* GetRestaurantView.swift */ = {isa = PBXFileReference; lastKnownFileType = sourcecode.swift; path = GetRestaurantView.swift; sourceTree = "<group>"; };
		16D28C4128F5A22300D2FA48 /* ObjectDemo.swift */ = {isa = PBXFileReference; lastKnownFileType = sourcecode.swift; path = ObjectDemo.swift; sourceTree = "<group>"; };
		16D28C4328F5B1F600D2FA48 /* CreateRestaurantView.swift */ = {isa = PBXFileReference; lastKnownFileType = sourcecode.swift; path = CreateRestaurantView.swift; sourceTree = "<group>"; };
		16D28C4528F5D37F00D2FA48 /* DeleteRestaurantView.swift */ = {isa = PBXFileReference; lastKnownFileType = sourcecode.swift; path = DeleteRestaurantView.swift; sourceTree = "<group>"; };
		16D28C4728F5D68900D2FA48 /* UpdateRestaurantView.swift */ = {isa = PBXFileReference; lastKnownFileType = sourcecode.swift; path = UpdateRestaurantView.swift; sourceTree = "<group>"; };
/* End PBXFileReference section */

/* Begin PBXFrameworksBuildPhase section */
		16D28C1128F5878B00D2FA48 /* Frameworks */ = {
			isa = PBXFrameworksBuildPhase;
			buildActionMask = 2147483647;
			files = (
				16D28C4C28F5E24000D2FA48 /* FirebaseDatabaseSwift in Frameworks */,
				16D28C3B28F58CD800D2FA48 /* FirebaseFirestoreSwift in Frameworks */,
				16D28C3928F58CD800D2FA48 /* FirebaseFirestore in Frameworks */,
				16D28C4A28F5E24000D2FA48 /* FirebaseDatabase in Frameworks */,
				16D28C2B28F5885100D2FA48 /* FirebaseAnalytics in Frameworks */,
			);
			runOnlyForDeploymentPostprocessing = 0;
		};
/* End PBXFrameworksBuildPhase section */

/* Begin PBXGroup section */
		16D28C0B28F5878B00D2FA48 = {
			isa = PBXGroup;
			children = (
				16D28C3C28F58DF400D2FA48 /* Model */,
				16D28C2628F587AE00D2FA48 /* ViewModel */,
				16D28C2528F587A200D2FA48 /* View */,
				16D28C1628F5878B00D2FA48 /* RealTimeDataBase */,
				16D28C1528F5878B00D2FA48 /* Products */,
				16D28C3328F58CD800D2FA48 /* Frameworks */,
			);
			sourceTree = "<group>";
		};
		16D28C1528F5878B00D2FA48 /* Products */ = {
			isa = PBXGroup;
			children = (
				16D28C1428F5878B00D2FA48 /* RealTimeDataBase.app */,
			);
			name = Products;
			sourceTree = "<group>";
		};
		16D28C1628F5878B00D2FA48 /* RealTimeDataBase */ = {
			isa = PBXGroup;
			children = (
				16D28C1728F5878B00D2FA48 /* RealTimeDataBaseApp.swift */,
				16D28C3128F58C9000D2FA48 /* AppDelegate.swift */,
				16D28C2E28F58B2300D2FA48 /* GoogleService-Info.plist */,
				16D28C1B28F5878D00D2FA48 /* Assets.xcassets */,
				16D28C1D28F5878D00D2FA48 /* Preview Content */,
			);
			path = RealTimeDataBase;
			sourceTree = "<group>";
		};
		16D28C1D28F5878D00D2FA48 /* Preview Content */ = {
			isa = PBXGroup;
			children = (
				16D28C1E28F5878D00D2FA48 /* Preview Assets.xcassets */,
			);
			path = "Preview Content";
			sourceTree = "<group>";
		};
		16D28C2528F587A200D2FA48 /* View */ = {
			isa = PBXGroup;
			children = (
				16D28C1928F5878B00D2FA48 /* ContentView.swift */,
				16D28C2C28F5892500D2FA48 /* LandingPage.swift */,
				16D28C3F28F593AD00D2FA48 /* GetRestaurantView.swift */,
				16D28C4328F5B1F600D2FA48 /* CreateRestaurantView.swift */,
				16D28C4528F5D37F00D2FA48 /* DeleteRestaurantView.swift */,
				16D28C4728F5D68900D2FA48 /* UpdateRestaurantView.swift */,
			);
			path = View;
			sourceTree = "<group>";
		};
		16D28C2628F587AE00D2FA48 /* ViewModel */ = {
			isa = PBXGroup;
			children = (
				16D28C2728F587D400D2FA48 /* FirrebaseRealTimeDBViewModel.swift */,
			);
			path = ViewModel;
			sourceTree = "<group>";
		};
		16D28C3328F58CD800D2FA48 /* Frameworks */ = {
			isa = PBXGroup;
			children = (
			);
			name = Frameworks;
			sourceTree = "<group>";
		};
		16D28C3C28F58DF400D2FA48 /* Model */ = {
			isa = PBXGroup;
			children = (
				16D28C3D28F58E0300D2FA48 /* Restaurant.swift */,
				16D28C4128F5A22300D2FA48 /* ObjectDemo.swift */,
			);
			path = Model;
			sourceTree = "<group>";
		};
/* End PBXGroup section */

/* Begin PBXNativeTarget section */
		16D28C1328F5878B00D2FA48 /* RealTimeDataBase */ = {
			isa = PBXNativeTarget;
			buildConfigurationList = 16D28C2228F5878D00D2FA48 /* Build configuration list for PBXNativeTarget "RealTimeDataBase" */;
			buildPhases = (
				16D28C1028F5878B00D2FA48 /* Sources */,
				16D28C1128F5878B00D2FA48 /* Frameworks */,
				16D28C1228F5878B00D2FA48 /* Resources */,
			);
			buildRules = (
			);
			dependencies = (
			);
			name = RealTimeDataBase;
			packageProductDependencies = (
				16D28C2A28F5885100D2FA48 /* FirebaseAnalytics */,
				16D28C3828F58CD800D2FA48 /* FirebaseFirestore */,
				16D28C3A28F58CD800D2FA48 /* FirebaseFirestoreSwift */,
				16D28C4928F5E24000D2FA48 /* FirebaseDatabase */,
				16D28C4B28F5E24000D2FA48 /* FirebaseDatabaseSwift */,
			);
			productName = RealTimeDataBase;
			productReference = 16D28C1428F5878B00D2FA48 /* RealTimeDataBase.app */;
			productType = "com.apple.product-type.application";
		};
/* End PBXNativeTarget section */

/* Begin PBXProject section */
		16D28C0C28F5878B00D2FA48 /* Project object */ = {
			isa = PBXProject;
			attributes = {
				BuildIndependentTargetsInParallel = 1;
				LastSwiftUpdateCheck = 1400;
				LastUpgradeCheck = 1400;
				TargetAttributes = {
					16D28C1328F5878B00D2FA48 = {
						CreatedOnToolsVersion = 14.0.1;
					};
				};
			};
			buildConfigurationList = 16D28C0F28F5878B00D2FA48 /* Build configuration list for PBXProject "RealTimeDataBase" */;
			compatibilityVersion = "Xcode 14.0";
			developmentRegion = en;
			hasScannedForEncodings = 0;
			knownRegions = (
				en,
				Base,
			);
			mainGroup = 16D28C0B28F5878B00D2FA48;
			packageReferences = (
				16D28C2928F5885100D2FA48 /* XCRemoteSwiftPackageReference "firebase-ios-sdk" */,
			);
			productRefGroup = 16D28C1528F5878B00D2FA48 /* Products */;
			projectDirPath = "";
			projectRoot = "";
			targets = (
				16D28C1328F5878B00D2FA48 /* RealTimeDataBase */,
			);
		};
/* End PBXProject section */

/* Begin PBXResourcesBuildPhase section */
		16D28C1228F5878B00D2FA48 /* Resources */ = {
			isa = PBXResourcesBuildPhase;
			buildActionMask = 2147483647;
			files = (
				16D28C1F28F5878D00D2FA48 /* Preview Assets.xcassets in Resources */,
				16D28C1C28F5878D00D2FA48 /* Assets.xcassets in Resources */,
				16D28C2F28F58B2300D2FA48 /* GoogleService-Info.plist in Resources */,
			);
			runOnlyForDeploymentPostprocessing = 0;
		};
/* End PBXResourcesBuildPhase section */

/* Begin PBXSourcesBuildPhase section */
		16D28C1028F5878B00D2FA48 /* Sources */ = {
			isa = PBXSourcesBuildPhase;
			buildActionMask = 2147483647;
			files = (
				16D28C2D28F5892500D2FA48 /* LandingPage.swift in Sources */,
				16D28C1A28F5878B00D2FA48 /* ContentView.swift in Sources */,
				16D28C3E28F58E0300D2FA48 /* Restaurant.swift in Sources */,
				16D28C1828F5878B00D2FA48 /* RealTimeDataBaseApp.swift in Sources */,
				16D28C3228F58C9000D2FA48 /* AppDelegate.swift in Sources */,
				16D28C4428F5B1F600D2FA48 /* CreateRestaurantView.swift in Sources */,
				16D28C2828F587D400D2FA48 /* FirrebaseRealTimeDBViewModel.swift in Sources */,
				16D28C4828F5D68900D2FA48 /* UpdateRestaurantView.swift in Sources */,
				16D28C4028F593AD00D2FA48 /* GetRestaurantView.swift in Sources */,
				16D28C4628F5D37F00D2FA48 /* DeleteRestaurantView.swift in Sources */,
				16D28C4228F5A22300D2FA48 /* ObjectDemo.swift in Sources */,
			);
			runOnlyForDeploymentPostprocessing = 0;
		};
/* End PBXSourcesBuildPhase section */

/* Begin XCBuildConfiguration section */
		16D28C2028F5878D00D2FA48 /* Debug */ = {
			isa = XCBuildConfiguration;
			buildSettings = {
				ALWAYS_SEARCH_USER_PATHS = NO;
				CLANG_ANALYZER_NONNULL = YES;
				CLANG_ANALYZER_NUMBER_OBJECT_CONVERSION = YES_AGGRESSIVE;
				CLANG_CXX_LANGUAGE_STANDARD = "gnu++20";
				CLANG_ENABLE_MODULES = YES;
				CLANG_ENABLE_OBJC_ARC = YES;
				CLANG_ENABLE_OBJC_WEAK = YES;
				CLANG_WARN_BLOCK_CAPTURE_AUTORELEASING = YES;
				CLANG_WARN_BOOL_CONVERSION = YES;
				CLANG_WARN_COMMA = YES;
				CLANG_WARN_CONSTANT_CONVERSION = YES;
				CLANG_WARN_DEPRECATED_OBJC_IMPLEMENTATIONS = YES;
				CLANG_WARN_DIRECT_OBJC_ISA_USAGE = YES_ERROR;
				CLANG_WARN_DOCUMENTATION_COMMENTS = YES;
				CLANG_WARN_EMPTY_BODY = YES;
				CLANG_WARN_ENUM_CONVERSION = YES;
				CLANG_WARN_INFINITE_RECURSION = YES;
				CLANG_WARN_INT_CONVERSION = YES;
				CLANG_WARN_NON_LITERAL_NULL_CONVERSION = YES;
				CLANG_WARN_OBJC_IMPLICIT_RETAIN_SELF = YES;
				CLANG_WARN_OBJC_LITERAL_CONVERSION = YES;
				CLANG_WARN_OBJC_ROOT_CLASS = YES_ERROR;
				CLANG_WARN_QUOTED_INCLUDE_IN_FRAMEWORK_HEADER = YES;
				CLANG_WARN_RANGE_LOOP_ANALYSIS = YES;
				CLANG_WARN_STRICT_PROTOTYPES = YES;
				CLANG_WARN_SUSPICIOUS_MOVE = YES;
				CLANG_WARN_UNGUARDED_AVAILABILITY = YES_AGGRESSIVE;
				CLANG_WARN_UNREACHABLE_CODE = YES;
				CLANG_WARN__DUPLICATE_METHOD_MATCH = YES;
				COPY_PHASE_STRIP = NO;
				DEBUG_INFORMATION_FORMAT = dwarf;
				ENABLE_STRICT_OBJC_MSGSEND = YES;
				ENABLE_TESTABILITY = YES;
				GCC_C_LANGUAGE_STANDARD = gnu11;
				GCC_DYNAMIC_NO_PIC = NO;
				GCC_NO_COMMON_BLOCKS = YES;
				GCC_OPTIMIZATION_LEVEL = 0;
				GCC_PREPROCESSOR_DEFINITIONS = (
					"DEBUG=1",
					"$(inherited)",
				);
				GCC_WARN_64_TO_32_BIT_CONVERSION = YES;
				GCC_WARN_ABOUT_RETURN_TYPE = YES_ERROR;
				GCC_WARN_UNDECLARED_SELECTOR = YES;
				GCC_WARN_UNINITIALIZED_AUTOS = YES_AGGRESSIVE;
				GCC_WARN_UNUSED_FUNCTION = YES;
				GCC_WARN_UNUSED_VARIABLE = YES;
				IPHONEOS_DEPLOYMENT_TARGET = 16.0;
				MTL_ENABLE_DEBUG_INFO = INCLUDE_SOURCE;
				MTL_FAST_MATH = YES;
				ONLY_ACTIVE_ARCH = YES;
				SDKROOT = iphoneos;
				SWIFT_ACTIVE_COMPILATION_CONDITIONS = DEBUG;
				SWIFT_OPTIMIZATION_LEVEL = "-Onone";
			};
			name = Debug;
		};
		16D28C2128F5878D00D2FA48 /* Release */ = {
			isa = XCBuildConfiguration;
			buildSettings = {
				ALWAYS_SEARCH_USER_PATHS = NO;
				CLANG_ANALYZER_NONNULL = YES;
				CLANG_ANALYZER_NUMBER_OBJECT_CONVERSION = YES_AGGRESSIVE;
				CLANG_CXX_LANGUAGE_STANDARD = "gnu++20";
				CLANG_ENABLE_MODULES = YES;
				CLANG_ENABLE_OBJC_ARC = YES;
				CLANG_ENABLE_OBJC_WEAK = YES;
				CLANG_WARN_BLOCK_CAPTURE_AUTORELEASING = YES;
				CLANG_WARN_BOOL_CONVERSION = YES;
				CLANG_WARN_COMMA = YES;
				CLANG_WARN_CONSTANT_CONVERSION = YES;
				CLANG_WARN_DEPRECATED_OBJC_IMPLEMENTATIONS = YES;
				CLANG_WARN_DIRECT_OBJC_ISA_USAGE = YES_ERROR;
				CLANG_WARN_DOCUMENTATION_COMMENTS = YES;
				CLANG_WARN_EMPTY_BODY = YES;
				CLANG_WARN_ENUM_CONVERSION = YES;
				CLANG_WARN_INFINITE_RECURSION = YES;
				CLANG_WARN_INT_CONVERSION = YES;
				CLANG_WARN_NON_LITERAL_NULL_CONVERSION = YES;
				CLANG_WARN_OBJC_IMPLICIT_RETAIN_SELF = YES;
				CLANG_WARN_OBJC_LITERAL_CONVERSION = YES;
				CLANG_WARN_OBJC_ROOT_CLASS = YES_ERROR;
				CLANG_WARN_QUOTED_INCLUDE_IN_FRAMEWORK_HEADER = YES;
				CLANG_WARN_RANGE_LOOP_ANALYSIS = YES;
				CLANG_WARN_STRICT_PROTOTYPES = YES;
				CLANG_WARN_SUSPICIOUS_MOVE = YES;
				CLANG_WARN_UNGUARDED_AVAILABILITY = YES_AGGRESSIVE;
				CLANG_WARN_UNREACHABLE_CODE = YES;
				CLANG_WARN__DUPLICATE_METHOD_MATCH = YES;
				COPY_PHASE_STRIP = NO;
				DEBUG_INFORMATION_FORMAT = "dwarf-with-dsym";
				ENABLE_NS_ASSERTIONS = NO;
				ENABLE_STRICT_OBJC_MSGSEND = YES;
				GCC_C_LANGUAGE_STANDARD = gnu11;
				GCC_NO_COMMON_BLOCKS = YES;
				GCC_WARN_64_TO_32_BIT_CONVERSION = YES;
				GCC_WARN_ABOUT_RETURN_TYPE = YES_ERROR;
				GCC_WARN_UNDECLARED_SELECTOR = YES;
				GCC_WARN_UNINITIALIZED_AUTOS = YES_AGGRESSIVE;
				GCC_WARN_UNUSED_FUNCTION = YES;
				GCC_WARN_UNUSED_VARIABLE = YES;
				IPHONEOS_DEPLOYMENT_TARGET = 16.0;
				MTL_ENABLE_DEBUG_INFO = NO;
				MTL_FAST_MATH = YES;
				SDKROOT = iphoneos;
				SWIFT_COMPILATION_MODE = wholemodule;
				SWIFT_OPTIMIZATION_LEVEL = "-O";
				VALIDATE_PRODUCT = YES;
			};
			name = Release;
		};
		16D28C2328F5878D00D2FA48 /* Debug */ = {
			isa = XCBuildConfiguration;
			buildSettings = {
				ASSETCATALOG_COMPILER_APPICON_NAME = AppIcon;
				ASSETCATALOG_COMPILER_GLOBAL_ACCENT_COLOR_NAME = AccentColor;
				CODE_SIGN_STYLE = Automatic;
				CURRENT_PROJECT_VERSION = 1;
				DEVELOPMENT_ASSET_PATHS = "\"RealTimeDataBase/Preview Content\"";
				DEVELOPMENT_TEAM = 36PZ84QR5S;
				ENABLE_PREVIEWS = YES;
				GENERATE_INFOPLIST_FILE = YES;
				INFOPLIST_KEY_UIApplicationSceneManifest_Generation = YES;
				INFOPLIST_KEY_UIApplicationSupportsIndirectInputEvents = YES;
				INFOPLIST_KEY_UILaunchScreen_Generation = YES;
				INFOPLIST_KEY_UISupportedInterfaceOrientations_iPad = "UIInterfaceOrientationPortrait UIInterfaceOrientationPortraitUpsideDown UIInterfaceOrientationLandscapeLeft UIInterfaceOrientationLandscapeRight";
				INFOPLIST_KEY_UISupportedInterfaceOrientations_iPhone = "UIInterfaceOrientationPortrait UIInterfaceOrientationLandscapeLeft UIInterfaceOrientationLandscapeRight";
				LD_RUNPATH_SEARCH_PATHS = (
					"$(inherited)",
					"@executable_path/Frameworks",
				);
				MARKETING_VERSION = 1.0;
				PRODUCT_BUNDLE_IDENTIFIER = com.avasoft.RealTimeDataBase;
				PRODUCT_NAME = "$(TARGET_NAME)";
				SWIFT_EMIT_LOC_STRINGS = YES;
				SWIFT_VERSION = 5.0;
				TARGETED_DEVICE_FAMILY = "1,2";
			};
			name = Debug;
		};
		16D28C2428F5878D00D2FA48 /* Release */ = {
			isa = XCBuildConfiguration;
			buildSettings = {
				ASSETCATALOG_COMPILER_APPICON_NAME = AppIcon;
				ASSETCATALOG_COMPILER_GLOBAL_ACCENT_COLOR_NAME = AccentColor;
				CODE_SIGN_STYLE = Automatic;
				CURRENT_PROJECT_VERSION = 1;
				DEVELOPMENT_ASSET_PATHS = "\"RealTimeDataBase/Preview Content\"";
				DEVELOPMENT_TEAM = 36PZ84QR5S;
				ENABLE_PREVIEWS = YES;
				GENERATE_INFOPLIST_FILE = YES;
				INFOPLIST_KEY_UIApplicationSceneManifest_Generation = YES;
				INFOPLIST_KEY_UIApplicationSupportsIndirectInputEvents = YES;
				INFOPLIST_KEY_UILaunchScreen_Generation = YES;
				INFOPLIST_KEY_UISupportedInterfaceOrientations_iPad = "UIInterfaceOrientationPortrait UIInterfaceOrientationPortraitUpsideDown UIInterfaceOrientationLandscapeLeft UIInterfaceOrientationLandscapeRight";
				INFOPLIST_KEY_UISupportedInterfaceOrientations_iPhone = "UIInterfaceOrientationPortrait UIInterfaceOrientationLandscapeLeft UIInterfaceOrientationLandscapeRight";
				LD_RUNPATH_SEARCH_PATHS = (
					"$(inherited)",
					"@executable_path/Frameworks",
				);
				MARKETING_VERSION = 1.0;
				PRODUCT_BUNDLE_IDENTIFIER = com.avasoft.RealTimeDataBase;
				PRODUCT_NAME = "$(TARGET_NAME)";
				SWIFT_EMIT_LOC_STRINGS = YES;
				SWIFT_VERSION = 5.0;
				TARGETED_DEVICE_FAMILY = "1,2";
			};
			name = Release;
		};
/* End XCBuildConfiguration section */

/* Begin XCConfigurationList section */
		16D28C0F28F5878B00D2FA48 /* Build configuration list for PBXProject "RealTimeDataBase" */ = {
			isa = XCConfigurationList;
			buildConfigurations = (
				16D28C2028F5878D00D2FA48 /* Debug */,
				16D28C2128F5878D00D2FA48 /* Release */,
			);
			defaultConfigurationIsVisible = 0;
			defaultConfigurationName = Release;
		};
		16D28C2228F5878D00D2FA48 /* Build configuration list for PBXNativeTarget "RealTimeDataBase" */ = {
			isa = XCConfigurationList;
			buildConfigurations = (
				16D28C2328F5878D00D2FA48 /* Debug */,
				16D28C2428F5878D00D2FA48 /* Release */,
			);
			defaultConfigurationIsVisible = 0;
			defaultConfigurationName = Release;
		};
/* End XCConfigurationList section */

/* Begin XCRemoteSwiftPackageReference section */
		16D28C2928F5885100D2FA48 /* XCRemoteSwiftPackageReference "firebase-ios-sdk" */ = {
			isa = XCRemoteSwiftPackageReference;
			repositoryURL = "https://github.com/firebase/firebase-ios-sdk.git";
			requirement = {
				branch = master;
				kind = branch;
			};
		};
/* End XCRemoteSwiftPackageReference section */

/* Begin XCSwiftPackageProductDependency section */
		16D28C2A28F5885100D2FA48 /* FirebaseAnalytics */ = {
			isa = XCSwiftPackageProductDependency;
			package = 16D28C2928F5885100D2FA48 /* XCRemoteSwiftPackageReference "firebase-ios-sdk" */;
			productName = FirebaseAnalytics;
		};
		16D28C3828F58CD800D2FA48 /* FirebaseFirestore */ = {
			isa = XCSwiftPackageProductDependency;
			package = 16D28C2928F5885100D2FA48 /* XCRemoteSwiftPackageReference "firebase-ios-sdk" */;
			productName = FirebaseFirestore;
		};
		16D28C3A28F58CD800D2FA48 /* FirebaseFirestoreSwift */ = {
			isa = XCSwiftPackageProductDependency;
			package = 16D28C2928F5885100D2FA48 /* XCRemoteSwiftPackageReference "firebase-ios-sdk" */;
			productName = FirebaseFirestoreSwift;
		};
		16D28C4928F5E24000D2FA48 /* FirebaseDatabase */ = {
			isa = XCSwiftPackageProductDependency;
			package = 16D28C2928F5885100D2FA48 /* XCRemoteSwiftPackageReference "firebase-ios-sdk" */;
			productName = FirebaseDatabase;
		};
		16D28C4B28F5E24000D2FA48 /* FirebaseDatabaseSwift */ = {
			isa = XCSwiftPackageProductDependency;
			package = 16D28C2928F5885100D2FA48 /* XCRemoteSwiftPackageReference "firebase-ios-sdk" */;
			productName = FirebaseDatabaseSwift;
		};
/* End XCSwiftPackageProductDependency section */
	};
	rootObject = 16D28C0C28F5878B00D2FA48 /* Project object */;
}
